// !$*UTF8*$!
{
	archiveVersion = 1;
	classes = {
	};
	objectVersion = 55;
	objects = {

/* Begin PBXBuildFile section */
		604C618192DE4792F8AFE24C /* Pods_VideoListApp.framework in Frameworks */ = {isa = PBXBuildFile; fileRef = 40D37D5D3ACC7188FFE4DD4D /* Pods_VideoListApp.framework */; };
		8E9EE4F72865E38A009F5461 /* AppDelegate.swift in Sources */ = {isa = PBXBuildFile; fileRef = 8E9EE4F62865E38A009F5461 /* AppDelegate.swift */; };
		8E9EE4F92865E38A009F5461 /* SceneDelegate.swift in Sources */ = {isa = PBXBuildFile; fileRef = 8E9EE4F82865E38A009F5461 /* SceneDelegate.swift */; };
		8E9EE4FB2865E38A009F5461 /* VideoViewController.swift in Sources */ = {isa = PBXBuildFile; fileRef = 8E9EE4FA2865E38A009F5461 /* VideoViewController.swift */; };
		8E9EE4FE2865E38A009F5461 /* Main.storyboard in Resources */ = {isa = PBXBuildFile; fileRef = 8E9EE4FC2865E38A009F5461 /* Main.storyboard */; };
		8E9EE5002865E38B009F5461 /* Assets.xcassets in Resources */ = {isa = PBXBuildFile; fileRef = 8E9EE4FF2865E38B009F5461 /* Assets.xcassets */; };
		8E9EE5032865E38B009F5461 /* LaunchScreen.storyboard in Resources */ = {isa = PBXBuildFile; fileRef = 8E9EE5012865E38B009F5461 /* LaunchScreen.storyboard */; };
		8E9EE52E2865E78B009F5461 /* VideoModel.swift in Sources */ = {isa = PBXBuildFile; fileRef = 8E9EE52D2865E78B009F5461 /* VideoModel.swift */; };
		8E9EE5312865EB35009F5461 /* VideoListNetworkManager.swift in Sources */ = {isa = PBXBuildFile; fileRef = 8E9EE5302865EB35009F5461 /* VideoListNetworkManager.swift */; };
		8E9EE5352865F0E2009F5461 /* VideoListTableViewCell.swift in Sources */ = {isa = PBXBuildFile; fileRef = 8E9EE5332865F0E2009F5461 /* VideoListTableViewCell.swift */; };
		8E9EE5362865F0E2009F5461 /* VideoListTableViewCell.xib in Resources */ = {isa = PBXBuildFile; fileRef = 8E9EE5342865F0E2009F5461 /* VideoListTableViewCell.xib */; };
		8E9EE53A2865F1A9009F5461 /* Reusable.swift in Sources */ = {isa = PBXBuildFile; fileRef = 8E9EE5392865F1A9009F5461 /* Reusable.swift */; };
		8E9EE53C2865F251009F5461 /* NibLoadable.swift in Sources */ = {isa = PBXBuildFile; fileRef = 8E9EE53B2865F251009F5461 /* NibLoadable.swift */; };
		8E9EE53F2865F51A009F5461 /* UILabelExtension.swift in Sources */ = {isa = PBXBuildFile; fileRef = 8E9EE53E2865F51A009F5461 /* UILabelExtension.swift */; };
		8E9EE5432865FAB0009F5461 /* VideoContract.swift in Sources */ = {isa = PBXBuildFile; fileRef = 8E9EE5422865FAB0009F5461 /* VideoContract.swift */; };
		8E9EE5452865FAC5009F5461 /* VideoInteractor.swift in Sources */ = {isa = PBXBuildFile; fileRef = 8E9EE5442865FAC5009F5461 /* VideoInteractor.swift */; };
		8E9EE5472865FAD2009F5461 /* VideoPresenter.swift in Sources */ = {isa = PBXBuildFile; fileRef = 8E9EE5462865FAD2009F5461 /* VideoPresenter.swift */; };
		8E9EE5492865FADA009F5461 /* VideoRouter.swift in Sources */ = {isa = PBXBuildFile; fileRef = 8E9EE5482865FADA009F5461 /* VideoRouter.swift */; };
		8E9EE54B2865FAE4009F5461 /* VideoEntity.swift in Sources */ = {isa = PBXBuildFile; fileRef = 8E9EE54A2865FAE4009F5461 /* VideoEntity.swift */; };
		8E9EE54D2865FAF5009F5461 /* VideoHelper.swift in Sources */ = {isa = PBXBuildFile; fileRef = 8E9EE54C2865FAF5009F5461 /* VideoHelper.swift */; };
/* End PBXBuildFile section */

/* Begin PBXFileReference section */
		40D37D5D3ACC7188FFE4DD4D /* Pods_VideoListApp.framework */ = {isa = PBXFileReference; explicitFileType = wrapper.framework; includeInIndex = 0; path = Pods_VideoListApp.framework; sourceTree = BUILT_PRODUCTS_DIR; };
		478D78B26A77844FA2BA4838 /* Pods-VideoListApp.debug.xcconfig */ = {isa = PBXFileReference; includeInIndex = 1; lastKnownFileType = text.xcconfig; name = "Pods-VideoListApp.debug.xcconfig"; path = "Target Support Files/Pods-VideoListApp/Pods-VideoListApp.debug.xcconfig"; sourceTree = "<group>"; };
		4D20D2A351F8447DA8E53AB2 /* Pods-VideoListApp.release.xcconfig */ = {isa = PBXFileReference; includeInIndex = 1; lastKnownFileType = text.xcconfig; name = "Pods-VideoListApp.release.xcconfig"; path = "Target Support Files/Pods-VideoListApp/Pods-VideoListApp.release.xcconfig"; sourceTree = "<group>"; };
		8E9EE4F32865E38A009F5461 /* VideoListApp.app */ = {isa = PBXFileReference; explicitFileType = wrapper.application; includeInIndex = 0; path = VideoListApp.app; sourceTree = BUILT_PRODUCTS_DIR; };
		8E9EE4F62865E38A009F5461 /* AppDelegate.swift */ = {isa = PBXFileReference; lastKnownFileType = sourcecode.swift; path = AppDelegate.swift; sourceTree = "<group>"; };
		8E9EE4F82865E38A009F5461 /* SceneDelegate.swift */ = {isa = PBXFileReference; lastKnownFileType = sourcecode.swift; path = SceneDelegate.swift; sourceTree = "<group>"; };
		8E9EE4FA2865E38A009F5461 /* VideoViewController.swift */ = {isa = PBXFileReference; lastKnownFileType = sourcecode.swift; path = VideoViewController.swift; sourceTree = "<group>"; };
		8E9EE4FD2865E38A009F5461 /* Base */ = {isa = PBXFileReference; lastKnownFileType = file.storyboard; name = Base; path = Base.lproj/Main.storyboard; sourceTree = "<group>"; };
		8E9EE4FF2865E38B009F5461 /* Assets.xcassets */ = {isa = PBXFileReference; lastKnownFileType = folder.assetcatalog; path = Assets.xcassets; sourceTree = "<group>"; };
		8E9EE5022865E38B009F5461 /* Base */ = {isa = PBXFileReference; lastKnownFileType = file.storyboard; name = Base; path = Base.lproj/LaunchScreen.storyboard; sourceTree = "<group>"; };
		8E9EE5042865E38B009F5461 /* Info.plist */ = {isa = PBXFileReference; lastKnownFileType = text.plist.xml; path = Info.plist; sourceTree = "<group>"; };
		8E9EE52D2865E78B009F5461 /* VideoModel.swift */ = {isa = PBXFileReference; lastKnownFileType = sourcecode.swift; path = VideoModel.swift; sourceTree = "<group>"; };
		8E9EE5302865EB35009F5461 /* VideoListNetworkManager.swift */ = {isa = PBXFileReference; lastKnownFileType = sourcecode.swift; path = VideoListNetworkManager.swift; sourceTree = "<group>"; };
		8E9EE5332865F0E2009F5461 /* VideoListTableViewCell.swift */ = {isa = PBXFileReference; lastKnownFileType = sourcecode.swift; path = VideoListTableViewCell.swift; sourceTree = "<group>"; };
		8E9EE5342865F0E2009F5461 /* VideoListTableViewCell.xib */ = {isa = PBXFileReference; lastKnownFileType = file.xib; path = VideoListTableViewCell.xib; sourceTree = "<group>"; };
		8E9EE5392865F1A9009F5461 /* Reusable.swift */ = {isa = PBXFileReference; lastKnownFileType = sourcecode.swift; path = Reusable.swift; sourceTree = "<group>"; };
		8E9EE53B2865F251009F5461 /* NibLoadable.swift */ = {isa = PBXFileReference; lastKnownFileType = sourcecode.swift; path = NibLoadable.swift; sourceTree = "<group>"; };
		8E9EE53E2865F51A009F5461 /* UILabelExtension.swift */ = {isa = PBXFileReference; lastKnownFileType = sourcecode.swift; path = UILabelExtension.swift; sourceTree = "<group>"; };
		8E9EE5422865FAB0009F5461 /* VideoContract.swift */ = {isa = PBXFileReference; lastKnownFileType = sourcecode.swift; path = VideoContract.swift; sourceTree = "<group>"; };
		8E9EE5442865FAC5009F5461 /* VideoInteractor.swift */ = {isa = PBXFileReference; lastKnownFileType = sourcecode.swift; path = VideoInteractor.swift; sourceTree = "<group>"; };
		8E9EE5462865FAD2009F5461 /* VideoPresenter.swift */ = {isa = PBXFileReference; lastKnownFileType = sourcecode.swift; path = VideoPresenter.swift; sourceTree = "<group>"; };
		8E9EE5482865FADA009F5461 /* VideoRouter.swift */ = {isa = PBXFileReference; lastKnownFileType = sourcecode.swift; path = VideoRouter.swift; sourceTree = "<group>"; };
		8E9EE54A2865FAE4009F5461 /* VideoEntity.swift */ = {isa = PBXFileReference; lastKnownFileType = sourcecode.swift; path = VideoEntity.swift; sourceTree = "<group>"; };
		8E9EE54C2865FAF5009F5461 /* VideoHelper.swift */ = {isa = PBXFileReference; lastKnownFileType = sourcecode.swift; path = VideoHelper.swift; sourceTree = "<group>"; };
/* End PBXFileReference section */

/* Begin PBXFrameworksBuildPhase section */
		8E9EE4F02865E38A009F5461 /* Frameworks */ = {
			isa = PBXFrameworksBuildPhase;
			buildActionMask = 2147483647;
			files = (
				604C618192DE4792F8AFE24C /* Pods_VideoListApp.framework in Frameworks */,
			);
			runOnlyForDeploymentPostprocessing = 0;
		};
/* End PBXFrameworksBuildPhase section */

/* Begin PBXGroup section */
		8E9EE4EA2865E38A009F5461 = {
			isa = PBXGroup;
			children = (
				8E9EE4F52865E38A009F5461 /* VideoListApp */,
				8E9EE4F42865E38A009F5461 /* Products */,
				F29D35A3D5ABC61849C3A8A9 /* Pods */,
				E44AAD4BB20C853D93EC053F /* Frameworks */,
			);
			sourceTree = "<group>";
		};
		8E9EE4F42865E38A009F5461 /* Products */ = {
			isa = PBXGroup;
			children = (
				8E9EE4F32865E38A009F5461 /* VideoListApp.app */,
			);
			name = Products;
			sourceTree = "<group>";
		};
		8E9EE4F52865E38A009F5461 /* VideoListApp */ = {
			isa = PBXGroup;
			children = (
				8E9EE53D2865F4CC009F5461 /* Extension */,
				8E9EE5372865F17F009F5461 /* Utility */,
				8E9EE5322865F0B6009F5461 /* Cell */,
				8E9EE52F2865EB13009F5461 /* Network */,
				8E9EE52C2865E760009F5461 /* Model */,
				8E9EE4F62865E38A009F5461 /* AppDelegate.swift */,
				8E9EE4F82865E38A009F5461 /* SceneDelegate.swift */,
				8E9EE5412865FA99009F5461 /* Video */,
				8E9EE4FC2865E38A009F5461 /* Main.storyboard */,
				8E9EE4FF2865E38B009F5461 /* Assets.xcassets */,
				8E9EE5012865E38B009F5461 /* LaunchScreen.storyboard */,
				8E9EE5042865E38B009F5461 /* Info.plist */,
			);
			path = VideoListApp;
			sourceTree = "<group>";
		};
		8E9EE52C2865E760009F5461 /* Model */ = {
			isa = PBXGroup;
			children = (
				8E9EE52D2865E78B009F5461 /* VideoModel.swift */,
			);
			path = Model;
			sourceTree = "<group>";
		};
		8E9EE52F2865EB13009F5461 /* Network */ = {
			isa = PBXGroup;
			children = (
				8E9EE5302865EB35009F5461 /* VideoListNetworkManager.swift */,
			);
			path = Network;
			sourceTree = "<group>";
		};
		8E9EE5322865F0B6009F5461 /* Cell */ = {
			isa = PBXGroup;
			children = (
				8E9EE5332865F0E2009F5461 /* VideoListTableViewCell.swift */,
				8E9EE5342865F0E2009F5461 /* VideoListTableViewCell.xib */,
			);
			path = Cell;
			sourceTree = "<group>";
		};
		8E9EE5372865F17F009F5461 /* Utility */ = {
			isa = PBXGroup;
			children = (
				8E9EE5382865F189009F5461 /* Protocol */,
			);
			path = Utility;
			sourceTree = "<group>";
		};
		8E9EE5382865F189009F5461 /* Protocol */ = {
			isa = PBXGroup;
			children = (
				8E9EE5392865F1A9009F5461 /* Reusable.swift */,
				8E9EE53B2865F251009F5461 /* NibLoadable.swift */,
			);
			path = Protocol;
			sourceTree = "<group>";
		};
		8E9EE53D2865F4CC009F5461 /* Extension */ = {
			isa = PBXGroup;
			children = (
				8E9EE53E2865F51A009F5461 /* UILabelExtension.swift */,
			);
			path = Extension;
			sourceTree = "<group>";
		};
		8E9EE5412865FA99009F5461 /* Video */ = {
			isa = PBXGroup;
			children = (
				8E9EE5422865FAB0009F5461 /* VideoContract.swift */,
				8E9EE54C2865FAF5009F5461 /* VideoHelper.swift */,
				8E9EE4FA2865E38A009F5461 /* VideoViewController.swift */,
				8E9EE5442865FAC5009F5461 /* VideoInteractor.swift */,
				8E9EE5462865FAD2009F5461 /* VideoPresenter.swift */,
				8E9EE54A2865FAE4009F5461 /* VideoEntity.swift */,
				8E9EE5482865FADA009F5461 /* VideoRouter.swift */,
			);
			path = Video;
			sourceTree = "<group>";
		};
		E44AAD4BB20C853D93EC053F /* Frameworks */ = {
			isa = PBXGroup;
			children = (
				40D37D5D3ACC7188FFE4DD4D /* Pods_VideoListApp.framework */,
			);
			name = Frameworks;
			sourceTree = "<group>";
		};
		F29D35A3D5ABC61849C3A8A9 /* Pods */ = {
			isa = PBXGroup;
			children = (
				478D78B26A77844FA2BA4838 /* Pods-VideoListApp.debug.xcconfig */,
				4D20D2A351F8447DA8E53AB2 /* Pods-VideoListApp.release.xcconfig */,
			);
			path = Pods;
			sourceTree = "<group>";
		};
/* End PBXGroup section */

/* Begin PBXNativeTarget section */
		8E9EE4F22865E38A009F5461 /* VideoListApp */ = {
			isa = PBXNativeTarget;
			buildConfigurationList = 8E9EE5072865E38B009F5461 /* Build configuration list for PBXNativeTarget "VideoListApp" */;
			buildPhases = (
				CDFFA156791F5AFE2960972E /* [CP] Check Pods Manifest.lock */,
				8E9EE4EF2865E38A009F5461 /* Sources */,
				8E9EE4F02865E38A009F5461 /* Frameworks */,
				8E9EE4F12865E38A009F5461 /* Resources */,
				8F9D21270F4E620C0E7748AE /* [CP] Embed Pods Frameworks */,
			);
			buildRules = (
			);
			dependencies = (
			);
			name = VideoListApp;
			productName = VideoListApp;
			productReference = 8E9EE4F32865E38A009F5461 /* VideoListApp.app */;
			productType = "com.apple.product-type.application";
		};
/* End PBXNativeTarget section */

/* Begin PBXProject section */
		8E9EE4EB2865E38A009F5461 /* Project object */ = {
			isa = PBXProject;
			attributes = {
				BuildIndependentTargetsInParallel = 1;
				LastSwiftUpdateCheck = 1310;
				LastUpgradeCheck = 1310;
				TargetAttributes = {
					8E9EE4F22865E38A009F5461 = {
						CreatedOnToolsVersion = 13.1;
					};
				};
			};
			buildConfigurationList = 8E9EE4EE2865E38A009F5461 /* Build configuration list for PBXProject "VideoListApp" */;
			compatibilityVersion = "Xcode 13.0";
			developmentRegion = en;
			hasScannedForEncodings = 0;
			knownRegions = (
				en,
				Base,
			);
			mainGroup = 8E9EE4EA2865E38A009F5461;
			productRefGroup = 8E9EE4F42865E38A009F5461 /* Products */;
			projectDirPath = "";
			projectRoot = "";
			targets = (
				8E9EE4F22865E38A009F5461 /* VideoListApp */,
			);
		};
/* End PBXProject section */

/* Begin PBXResourcesBuildPhase section */
		8E9EE4F12865E38A009F5461 /* Resources */ = {
			isa = PBXResourcesBuildPhase;
			buildActionMask = 2147483647;
			files = (
				8E9EE5032865E38B009F5461 /* LaunchScreen.storyboard in Resources */,
				8E9EE5362865F0E2009F5461 /* VideoListTableViewCell.xib in Resources */,
				8E9EE5002865E38B009F5461 /* Assets.xcassets in Resources */,
				8E9EE4FE2865E38A009F5461 /* Main.storyboard in Resources */,
			);
			runOnlyForDeploymentPostprocessing = 0;
		};
/* End PBXResourcesBuildPhase section */

/* Begin PBXShellScriptBuildPhase section */
		8F9D21270F4E620C0E7748AE /* [CP] Embed Pods Frameworks */ = {
			isa = PBXShellScriptBuildPhase;
			buildActionMask = 2147483647;
			files = (
			);
			inputFileListPaths = (
				"${PODS_ROOT}/Target Support Files/Pods-VideoListApp/Pods-VideoListApp-frameworks-${CONFIGURATION}-input-files.xcfilelist",
			);
			name = "[CP] Embed Pods Frameworks";
			outputFileListPaths = (
				"${PODS_ROOT}/Target Support Files/Pods-VideoListApp/Pods-VideoListApp-frameworks-${CONFIGURATION}-output-files.xcfilelist",
			);
			runOnlyForDeploymentPostprocessing = 0;
			shellPath = /bin/sh;
			shellScript = "\"${PODS_ROOT}/Target Support Files/Pods-VideoListApp/Pods-VideoListApp-frameworks.sh\"\n";
			showEnvVarsInLog = 0;
		};
		CDFFA156791F5AFE2960972E /* [CP] Check Pods Manifest.lock */ = {
			isa = PBXShellScriptBuildPhase;
			buildActionMask = 2147483647;
			files = (
			);
			inputFileListPaths = (
			);
			inputPaths = (
				"${PODS_PODFILE_DIR_PATH}/Podfile.lock",
				"${PODS_ROOT}/Manifest.lock",
			);
			name = "[CP] Check Pods Manifest.lock";
			outputFileListPaths = (
			);
			outputPaths = (
				"$(DERIVED_FILE_DIR)/Pods-VideoListApp-checkManifestLockResult.txt",
			);
			runOnlyForDeploymentPostprocessing = 0;
			shellPath = /bin/sh;
			shellScript = "diff \"${PODS_PODFILE_DIR_PATH}/Podfile.lock\" \"${PODS_ROOT}/Manifest.lock\" > /dev/null\nif [ $? != 0 ] ; then\n    # print error to STDERR\n    echo \"error: The sandbox is not in sync with the Podfile.lock. Run 'pod install' or update your CocoaPods installation.\" >&2\n    exit 1\nfi\n# This output is used by Xcode 'outputs' to avoid re-running this script phase.\necho \"SUCCESS\" > \"${SCRIPT_OUTPUT_FILE_0}\"\n";
			showEnvVarsInLog = 0;
		};
/* End PBXShellScriptBuildPhase section */

/* Begin PBXSourcesBuildPhase section */
		8E9EE4EF2865E38A009F5461 /* Sources */ = {
			isa = PBXSourcesBuildPhase;
			buildActionMask = 2147483647;
			files = (
				8E9EE4FB2865E38A009F5461 /* VideoViewController.swift in Sources */,
				8E9EE53C2865F251009F5461 /* NibLoadable.swift in Sources */,
				8E9EE5352865F0E2009F5461 /* VideoListTableViewCell.swift in Sources */,
				8E9EE54D2865FAF5009F5461 /* VideoHelper.swift in Sources */,
				8E9EE4F72865E38A009F5461 /* AppDelegate.swift in Sources */,
				8E9EE4F92865E38A009F5461 /* SceneDelegate.swift in Sources */,
				8E9EE5432865FAB0009F5461 /* VideoContract.swift in Sources */,
				8E9EE5472865FAD2009F5461 /* VideoPresenter.swift in Sources */,
				8E9EE52E2865E78B009F5461 /* VideoModel.swift in Sources */,
				8E9EE5312865EB35009F5461 /* VideoListNetworkManager.swift in Sources */,
				8E9EE5492865FADA009F5461 /* VideoRouter.swift in Sources */,
				8E9EE54B2865FAE4009F5461 /* VideoEntity.swift in Sources */,
				8E9EE53F2865F51A009F5461 /* UILabelExtension.swift in Sources */,
				8E9EE53A2865F1A9009F5461 /* Reusable.swift in Sources */,
				8E9EE5452865FAC5009F5461 /* VideoInteractor.swift in Sources */,
			);
			runOnlyForDeploymentPostprocessing = 0;
		};
/* End PBXSourcesBuildPhase section */

/* Begin PBXVariantGroup section */
		8E9EE4FC2865E38A009F5461 /* Main.storyboard */ = {
			isa = PBXVariantGroup;
			children = (
				8E9EE4FD2865E38A009F5461 /* Base */,
			);
			name = Main.storyboard;
			sourceTree = "<group>";
		};
		8E9EE5012865E38B009F5461 /* LaunchScreen.storyboard */ = {
			isa = PBXVariantGroup;
			children = (
				8E9EE5022865E38B009F5461 /* Base */,
			);
			name = LaunchScreen.storyboard;
			sourceTree = "<group>";
		};
/* End PBXVariantGroup section */

/* Begin XCBuildConfiguration section */
		8E9EE5052865E38B009F5461 /* Debug */ = {
			isa = XCBuildConfiguration;
			buildSettings = {
				ALWAYS_SEARCH_USER_PATHS = NO;
				CLANG_ANALYZER_NONNULL = YES;
				CLANG_ANALYZER_NUMBER_OBJECT_CONVERSION = YES_AGGRESSIVE;
				CLANG_CXX_LANGUAGE_STANDARD = "gnu++17";
				CLANG_CXX_LIBRARY = "libc++";
				CLANG_ENABLE_MODULES = YES;
				CLANG_ENABLE_OBJC_ARC = YES;
				CLANG_ENABLE_OBJC_WEAK = YES;
				CLANG_WARN_BLOCK_CAPTURE_AUTORELEASING = YES;
				CLANG_WARN_BOOL_CONVERSION = YES;
				CLANG_WARN_COMMA = YES;
				CLANG_WARN_CONSTANT_CONVERSION = YES;
				CLANG_WARN_DEPRECATED_OBJC_IMPLEMENTATIONS = YES;
				CLANG_WARN_DIRECT_OBJC_ISA_USAGE = YES_ERROR;
				CLANG_WARN_DOCUMENTATION_COMMENTS = YES;
				CLANG_WARN_EMPTY_BODY = YES;
				CLANG_WARN_ENUM_CONVERSION = YES;
				CLANG_WARN_INFINITE_RECURSION = YES;
				CLANG_WARN_INT_CONVERSION = YES;
				CLANG_WARN_NON_LITERAL_NULL_CONVERSION = YES;
				CLANG_WARN_OBJC_IMPLICIT_RETAIN_SELF = YES;
				CLANG_WARN_OBJC_LITERAL_CONVERSION = YES;
				CLANG_WARN_OBJC_ROOT_CLASS = YES_ERROR;
				CLANG_WARN_QUOTED_INCLUDE_IN_FRAMEWORK_HEADER = YES;
				CLANG_WARN_RANGE_LOOP_ANALYSIS = YES;
				CLANG_WARN_STRICT_PROTOTYPES = YES;
				CLANG_WARN_SUSPICIOUS_MOVE = YES;
				CLANG_WARN_UNGUARDED_AVAILABILITY = YES_AGGRESSIVE;
				CLANG_WARN_UNREACHABLE_CODE = YES;
				CLANG_WARN__DUPLICATE_METHOD_MATCH = YES;
				COPY_PHASE_STRIP = NO;
				DEBUG_INFORMATION_FORMAT = dwarf;
				ENABLE_STRICT_OBJC_MSGSEND = YES;
				ENABLE_TESTABILITY = YES;
				GCC_C_LANGUAGE_STANDARD = gnu11;
				GCC_DYNAMIC_NO_PIC = NO;
				GCC_NO_COMMON_BLOCKS = YES;
				GCC_OPTIMIZATION_LEVEL = 0;
				GCC_PREPROCESSOR_DEFINITIONS = (
					"DEBUG=1",
					"$(inherited)",
				);
				GCC_WARN_64_TO_32_BIT_CONVERSION = YES;
				GCC_WARN_ABOUT_RETURN_TYPE = YES_ERROR;
				GCC_WARN_UNDECLARED_SELECTOR = YES;
				GCC_WARN_UNINITIALIZED_AUTOS = YES_AGGRESSIVE;
				GCC_WARN_UNUSED_FUNCTION = YES;
				GCC_WARN_UNUSED_VARIABLE = YES;
				IPHONEOS_DEPLOYMENT_TARGET = 15.0;
				MTL_ENABLE_DEBUG_INFO = INCLUDE_SOURCE;
				MTL_FAST_MATH = YES;
				ONLY_ACTIVE_ARCH = YES;
				SDKROOT = iphoneos;
				SWIFT_ACTIVE_COMPILATION_CONDITIONS = DEBUG;
				SWIFT_OPTIMIZATION_LEVEL = "-Onone";
			};
			name = Debug;
		};
		8E9EE5062865E38B009F5461 /* Release */ = {
			isa = XCBuildConfiguration;
			buildSettings = {
				ALWAYS_SEARCH_USER_PATHS = NO;
				CLANG_ANALYZER_NONNULL = YES;
				CLANG_ANALYZER_NUMBER_OBJECT_CONVERSION = YES_AGGRESSIVE;
				CLANG_CXX_LANGUAGE_STANDARD = "gnu++17";
				CLANG_CXX_LIBRARY = "libc++";
				CLANG_ENABLE_MODULES = YES;
				CLANG_ENABLE_OBJC_ARC = YES;
				CLANG_ENABLE_OBJC_WEAK = YES;
				CLANG_WARN_BLOCK_CAPTURE_AUTORELEASING = YES;
				CLANG_WARN_BOOL_CONVERSION = YES;
				CLANG_WARN_COMMA = YES;
				CLANG_WARN_CONSTANT_CONVERSION = YES;
				CLANG_WARN_DEPRECATED_OBJC_IMPLEMENTATIONS = YES;
				CLANG_WARN_DIRECT_OBJC_ISA_USAGE = YES_ERROR;
				CLANG_WARN_DOCUMENTATION_COMMENTS = YES;
				CLANG_WARN_EMPTY_BODY = YES;
				CLANG_WARN_ENUM_CONVERSION = YES;
				CLANG_WARN_INFINITE_RECURSION = YES;
				CLANG_WARN_INT_CONVERSION = YES;
				CLANG_WARN_NON_LITERAL_NULL_CONVERSION = YES;
				CLANG_WARN_OBJC_IMPLICIT_RETAIN_SELF = YES;
				CLANG_WARN_OBJC_LITERAL_CONVERSION = YES;
				CLANG_WARN_OBJC_ROOT_CLASS = YES_ERROR;
				CLANG_WARN_QUOTED_INCLUDE_IN_FRAMEWORK_HEADER = YES;
				CLANG_WARN_RANGE_LOOP_ANALYSIS = YES;
				CLANG_WARN_STRICT_PROTOTYPES = YES;
				CLANG_WARN_SUSPICIOUS_MOVE = YES;
				CLANG_WARN_UNGUARDED_AVAILABILITY = YES_AGGRESSIVE;
				CLANG_WARN_UNREACHABLE_CODE = YES;
				CLANG_WARN__DUPLICATE_METHOD_MATCH = YES;
				COPY_PHASE_STRIP = NO;
				DEBUG_INFORMATION_FORMAT = "dwarf-with-dsym";
				ENABLE_NS_ASSERTIONS = NO;
				ENABLE_STRICT_OBJC_MSGSEND = YES;
				GCC_C_LANGUAGE_STANDARD = gnu11;
				GCC_NO_COMMON_BLOCKS = YES;
				GCC_WARN_64_TO_32_BIT_CONVERSION = YES;
				GCC_WARN_ABOUT_RETURN_TYPE = YES_ERROR;
				GCC_WARN_UNDECLARED_SELECTOR = YES;
				GCC_WARN_UNINITIALIZED_AUTOS = YES_AGGRESSIVE;
				GCC_WARN_UNUSED_FUNCTION = YES;
				GCC_WARN_UNUSED_VARIABLE = YES;
				IPHONEOS_DEPLOYMENT_TARGET = 15.0;
				MTL_ENABLE_DEBUG_INFO = NO;
				MTL_FAST_MATH = YES;
				SDKROOT = iphoneos;
				SWIFT_COMPILATION_MODE = wholemodule;
				SWIFT_OPTIMIZATION_LEVEL = "-O";
				VALIDATE_PRODUCT = YES;
			};
			name = Release;
		};
		8E9EE5082865E38B009F5461 /* Debug */ = {
			isa = XCBuildConfiguration;
			baseConfigurationReference = 478D78B26A77844FA2BA4838 /* Pods-VideoListApp.debug.xcconfig */;
			buildSettings = {
				ASSETCATALOG_COMPILER_APPICON_NAME = AppIcon;
				ASSETCATALOG_COMPILER_GLOBAL_ACCENT_COLOR_NAME = AccentColor;
				CODE_SIGN_STYLE = Automatic;
				CURRENT_PROJECT_VERSION = 1;
				DEVELOPMENT_TEAM = 79G38KD48M;
				GENERATE_INFOPLIST_FILE = YES;
				INFOPLIST_FILE = VideoListApp/Info.plist;
				INFOPLIST_KEY_UIApplicationSupportsIndirectInputEvents = YES;
				INFOPLIST_KEY_UILaunchStoryboardName = LaunchScreen;
				INFOPLIST_KEY_UISupportedInterfaceOrientations_iPad = "UIInterfaceOrientationPortrait UIInterfaceOrientationPortraitUpsideDown UIInterfaceOrientationLandscapeLeft UIInterfaceOrientationLandscapeRight";
				INFOPLIST_KEY_UISupportedInterfaceOrientations_iPhone = "UIInterfaceOrientationPortrait UIInterfaceOrientationLandscapeLeft UIInterfaceOrientationLandscapeRight";
				LD_RUNPATH_SEARCH_PATHS = (
					"$(inherited)",
					"@executable_path/Frameworks",
				);
				MARKETING_VERSION = 1.0;
				PRODUCT_BUNDLE_IDENTIFIER = com.mertkoksal.VideoListApp;
				PRODUCT_NAME = "$(TARGET_NAME)";
				SWIFT_EMIT_LOC_STRINGS = YES;
				SWIFT_VERSION = 5.0;
				TARGETED_DEVICE_FAMILY = "1,2";
			};
			name = Debug;
		};
		8E9EE5092865E38B009F5461 /* Release */ = {
			isa = XCBuildConfiguration;
			baseConfigurationReference = 4D20D2A351F8447DA8E53AB2 /* Pods-VideoListApp.release.xcconfig */;
			buildSettings = {
				ASSETCATALOG_COMPILER_APPICON_NAME = AppIcon;
				ASSETCATALOG_COMPILER_GLOBAL_ACCENT_COLOR_NAME = AccentColor;
				CODE_SIGN_STYLE = Automatic;
				CURRENT_PROJECT_VERSION = 1;
				DEVELOPMENT_TEAM = 79G38KD48M;
				GENERATE_INFOPLIST_FILE = YES;
				INFOPLIST_FILE = VideoListApp/Info.plist;
				INFOPLIST_KEY_UIApplicationSupportsIndirectInputEvents = YES;
				INFOPLIST_KEY_UILaunchStoryboardName = LaunchScreen;
				INFOPLIST_KEY_UISupportedInterfaceOrientations_iPad = "UIInterfaceOrientationPortrait UIInterfaceOrientationPortraitUpsideDown UIInterfaceOrientationLandscapeLeft UIInterfaceOrientationLandscapeRight";
				INFOPLIST_KEY_UISupportedInterfaceOrientations_iPhone = "UIInterfaceOrientationPortrait UIInterfaceOrientationLandscapeLeft UIInterfaceOrientationLandscapeRight";
				LD_RUNPATH_SEARCH_PATHS = (
					"$(inherited)",
					"@executable_path/Frameworks",
				);
				MARKETING_VERSION = 1.0;
				PRODUCT_BUNDLE_IDENTIFIER = com.mertkoksal.VideoListApp;
				PRODUCT_NAME = "$(TARGET_NAME)";
				SWIFT_EMIT_LOC_STRINGS = YES;
				SWIFT_VERSION = 5.0;
				TARGETED_DEVICE_FAMILY = "1,2";
			};
			name = Release;
		};
/* End XCBuildConfiguration section */

/* Begin XCConfigurationList section */
		8E9EE4EE2865E38A009F5461 /* Build configuration list for PBXProject "VideoListApp" */ = {
			isa = XCConfigurationList;
			buildConfigurations = (
				8E9EE5052865E38B009F5461 /* Debug */,
				8E9EE5062865E38B009F5461 /* Release */,
			);
			defaultConfigurationIsVisible = 0;
			defaultConfigurationName = Release;
		};
		8E9EE5072865E38B009F5461 /* Build configuration list for PBXNativeTarget "VideoListApp" */ = {
			isa = XCConfigurationList;
			buildConfigurations = (
				8E9EE5082865E38B009F5461 /* Debug */,
				8E9EE5092865E38B009F5461 /* Release */,
			);
			defaultConfigurationIsVisible = 0;
			defaultConfigurationName = Release;
		};
/* End XCConfigurationList section */
	};
	rootObject = 8E9EE4EB2865E38A009F5461 /* Project object */;
}
